schema: '2.0'
stages:
  tokenizer:
    cmd: PARTITION=normal bash run.sh python -m language.tokenizer
    deps:
    - path: language/dataset.py
      hash: md5
      md5: e66d569db8dcb3f5bb06e56941983854
      size: 2302
    - path: language/tokenizer.py
      hash: md5
      md5: facaff044fb3f5fb66bc4bc7d40aa147
      size: 1593
    - path: utils.py
      hash: md5
      md5: 750a14e619ab121477a341d90669b078
      size: 4009
    params:
      language/params.yaml:
        dataset:
          path: roneneldan/TinyStories
          name:
          split: train
          splits:
          - 0.8
          - 0.1
          - 0.1
        seed: 40
        tag: quantized
        tokenizer:
          pretrained: bert-base-cased
          vocab_size: 2048
          limit_alphabet: 150
    outs:
    - path: outputs/language/tokenizer
      hash: md5
      md5: f6055ed97d0045f874b9593308051d97.dir
      size: 55440
      nfiles: 4
  train:
    cmd: PARTITION=gpu bash run.sh python -m language.train
    deps:
    - path: activations.py
      hash: md5
      md5: f528b1e97dfd8b8f2952306a4ccdb5f3
      size: 298
    - path: attention.py
      hash: md5
      md5: f9dcfe32256c4b182ec97853c29744e8
      size: 7516
    - path: blocks.py
      hash: md5
      md5: 94b955d3c734cb1e5c007c9e9e356f29
      size: 23056
    - path: embedding.py
      hash: md5
      md5: 88f9614ba3b485145a40fa3ef9c4bb17
      size: 3923
    - path: encoding.py
      hash: md5
      md5: 08ba618cce0e47e68014ac1c9ee77b05
      size: 8835
    - path: language/dataset.py
      hash: md5
      md5: e66d569db8dcb3f5bb06e56941983854
      size: 2302
    - path: language/model.py
      hash: md5
      md5: 020b05d35db2f2872aa6496d30b0a4d9
      size: 6110
    - path: language/train.py
      hash: md5
      md5: 7efc18bc2ce2eb396805e77ca64778bc
      size: 7065
    - path: lazy.py
      hash: md5
      md5: dc8537c6a3615ea74c2d1db381974a55
      size: 5162
    - path: outputs/language/tokenizer
      hash: md5
      md5: f6055ed97d0045f874b9593308051d97.dir
      size: 55440
      nfiles: 4
    - path: quant.py
      hash: md5
      md5: 861ee87e24d388efec8bc21cc3df989e
      size: 1221
    - path: utils.py
      hash: md5
      md5: 750a14e619ab121477a341d90669b078
      size: 4009
    params:
      language/params.yaml:
        dataset:
          path: roneneldan/TinyStories
          name:
          split: train
          splits:
          - 0.8
          - 0.1
          - 0.1
        model:
          embedding:
            bits: 8
          positional:
            encoding: learned
            bits: 8
          configuration: original
          num_layers: 2
          num_heads: 3
          emb_dim: 192
          expansion_dim: 768
          bits: 4
          cls_bits: 8
          activation: relu
          norm: batch-norm
          norm_placement: pre-norm
          dropout: 0.25
        seed: 40
        tag: quantized
        train:
          epochs: 50
          batch_size: 256
          context_length: 256
          mlm: true
          mlm_probability: 0.15
          optimizer:
            algorithm: adam
            lr: 0.001
            weight_decay: 0.0
            betas:
            - 0.9
            - 0.999
            eps: 1e-08
          criterion: cross-entropy
          scheduler:
            factor: 0.5
            patience: 10
          loader:
            shuffle: true
            num_workers: 32
            prefetch_factor: 4
            persistent_workers: false
            pin_memory: true
            drop_last: true
    outs:
    - path: outputs/language/loss.yaml
      hash: md5
      md5: c12b06224d91366ab8258f54a1fea395
      size: 2786
    - path: outputs/language/lr.yaml
      hash: md5
      md5: 34c299ce4e61f3b27f387f736b2729fc
      size: 904
    - path: outputs/language/model.pt
      hash: md5
      md5: cf04e1a41a2fa13a2afe149319eea0d4
      size: 5303223
    - path: outputs/language/optimizer.pt
      hash: md5
      md5: bf983da501fbd992b52dd7c5d46b720f
      size: 10269665
  eval:
    cmd: PARTITION=gpu bash run.sh python -m language.eval
    deps:
    - path: activations.py
      hash: md5
      md5: f528b1e97dfd8b8f2952306a4ccdb5f3
      size: 298
    - path: attention.py
      hash: md5
      md5: f9dcfe32256c4b182ec97853c29744e8
      size: 7516
    - path: blocks.py
      hash: md5
      md5: 94b955d3c734cb1e5c007c9e9e356f29
      size: 23056
    - path: embedding.py
      hash: md5
      md5: 88f9614ba3b485145a40fa3ef9c4bb17
      size: 3923
    - path: encoding.py
      hash: md5
      md5: 08ba618cce0e47e68014ac1c9ee77b05
      size: 8835
    - path: language/dataset.py
      hash: md5
      md5: e66d569db8dcb3f5bb06e56941983854
      size: 2302
    - path: language/eval.py
      hash: md5
      md5: e67fdcb94509b2defa8d1d8fb2c38abe
      size: 5091
    - path: language/model.py
      hash: md5
      md5: 020b05d35db2f2872aa6496d30b0a4d9
      size: 6110
    - path: lazy.py
      hash: md5
      md5: dc8537c6a3615ea74c2d1db381974a55
      size: 5162
    - path: outputs/language/model.pt
      hash: md5
      md5: cf04e1a41a2fa13a2afe149319eea0d4
      size: 5303223
    - path: outputs/language/tokenizer
      hash: md5
      md5: f6055ed97d0045f874b9593308051d97.dir
      size: 55440
      nfiles: 4
    - path: quant.py
      hash: md5
      md5: 861ee87e24d388efec8bc21cc3df989e
      size: 1221
    - path: utils.py
      hash: md5
      md5: 750a14e619ab121477a341d90669b078
      size: 4009
    params:
      language/params.yaml:
        dataset:
          path: roneneldan/TinyStories
          name:
          split: train
          splits:
          - 0.8
          - 0.1
          - 0.1
        eval:
          batch_size: 512
          context_length: 256
          mlm: true
          mlm_probability: 0.15
          loader:
            num_workers: 32
            prefetch_factor: 4
            persistent_workers: false
            pin_memory: true
            drop_last: true
        model:
          embedding:
            bits: 8
          positional:
            encoding: learned
            bits: 8
          configuration: original
          num_layers: 2
          num_heads: 3
          emb_dim: 192
          expansion_dim: 768
          bits: 4
          cls_bits: 8
          activation: relu
          norm: batch-norm
          norm_placement: pre-norm
          dropout: 0.25
        seed: 40
        tag: quantized
    outs:
    - path: outputs/language/accuracy.yaml
      hash: md5
      md5: d95e5d798f126269a9e7835176c139c9
      size: 51
  export:
    cmd: PARTITION=normal bash run.sh python -m language.export
    deps:
    - path: activations.py
      hash: md5
      md5: f528b1e97dfd8b8f2952306a4ccdb5f3
      size: 298
    - path: attention.py
      hash: md5
      md5: f9dcfe32256c4b182ec97853c29744e8
      size: 7516
    - path: blocks.py
      hash: md5
      md5: 94b955d3c734cb1e5c007c9e9e356f29
      size: 23056
    - path: embedding.py
      hash: md5
      md5: 88f9614ba3b485145a40fa3ef9c4bb17
      size: 3923
    - path: encoding.py
      hash: md5
      md5: 08ba618cce0e47e68014ac1c9ee77b05
      size: 8835
    - path: language/dataset.py
      hash: md5
      md5: e66d569db8dcb3f5bb06e56941983854
      size: 2302
    - path: language/export.py
      hash: md5
      md5: 16d5e6a52fb690d84c0f759a69720f94
      size: 4747
    - path: language/model.py
      hash: md5
      md5: 020b05d35db2f2872aa6496d30b0a4d9
      size: 6110
    - path: lazy.py
      hash: md5
      md5: dc8537c6a3615ea74c2d1db381974a55
      size: 5162
    - path: outputs/language/model.pt
      hash: md5
      md5: cf04e1a41a2fa13a2afe149319eea0d4
      size: 5303223
    - path: outputs/language/tokenizer
      hash: md5
      md5: f6055ed97d0045f874b9593308051d97.dir
      size: 55440
      nfiles: 4
    - path: quant.py
      hash: md5
      md5: 861ee87e24d388efec8bc21cc3df989e
      size: 1221
    - path: utils.py
      hash: md5
      md5: 750a14e619ab121477a341d90669b078
      size: 4009
    params:
      language/params.yaml:
        dataset:
          path: roneneldan/TinyStories
          name:
          split: train
          splits:
          - 0.8
          - 0.1
          - 0.1
        export:
          format: qonnx
          split_heads: true
          opset_version: 19
          do_constant_folding: true
          batch_size: 1
          context_length: 256
          mlm: true
          mlm_probability: 0.15
          dynamo: false
          external_data: false
          optimize: false
        model:
          embedding:
            bits: 8
          positional:
            encoding: learned
            bits: 8
          configuration: original
          num_layers: 2
          num_heads: 3
          emb_dim: 192
          expansion_dim: 768
          bits: 4
          cls_bits: 8
          activation: relu
          norm: batch-norm
          norm_placement: pre-norm
          dropout: 0.25
        seed: 40
        tag: quantized
    outs:
    - path: outputs/language/cls.npy
      hash: md5
      md5: 4291c1553d05bc72131e20aa49a630ab
      size: 2176
    - path: outputs/language/inp.npy
      hash: md5
      md5: 2fea190f020bfd0bd841954baa27218d
      size: 2176
    - path: outputs/language/model.onnx
      hash: md5
      md5: b1da1ed32a37b2ce09806df8b45e4108
      size: 5182727
    - path: outputs/language/out.npy
      hash: md5
      md5: 3378d87e3e4155b2f141c6aa35984dc7
      size: 2097280
  streamline:
    cmd: PARTITION=normal bash run.sh onnx-passes -c language/passes.yaml -o 
      outputs/language/streamlined.onnx outputs/language/model.onnx
    deps:
    - path: adhoc_passes.py
      hash: md5
      md5: 03d4a11676b8bc4a0407ca1de9037d34
      size: 743
    - path: outputs/language/cls.npy
      hash: md5
      md5: 4291c1553d05bc72131e20aa49a630ab
      size: 2176
    - path: outputs/language/inp.npy
      hash: md5
      md5: 2fea190f020bfd0bd841954baa27218d
      size: 2176
    - path: outputs/language/model.onnx
      hash: md5
      md5: b1da1ed32a37b2ce09806df8b45e4108
      size: 5182727
    - path: outputs/language/out.npy
      hash: md5
      md5: 3378d87e3e4155b2f141c6aa35984dc7
      size: 2097280
    params:
      language/passes.yaml:
        imports:
        - adhoc_passes
        logging:
          verbose: false
          checkpoint: false
          keep_intermediates: false
        model_checker:
          full_check: true
        onnxruntime:
          providers:
          - - CPUExecutionProvider
            - {}
          full_context_dump: false
        passes:
        - import-qonnx
        - shape-inference
        - checker
        - verify
        - inline-qonnx
        - inline-batchnorm
        - inline-gemm
        - lower-conv
        - lower-pooling
        - shape-inference
        - checker
        - verify
        - streamline-thresholds
        - streamline
        - checker
        - verify
        - decompose-thresholds
        - tidyup
        - MoveMulPastTranspose
        - tidyup
        - MoveSplitPastElementwise
        - tidyup
        - unbroadcast
        - tidyup
        - checker
        - verify
        reference:
          inp:
          - outputs/language/inp.npy
          out:
          - outputs/language/out.npy
        shape_inference: {}
        verify:
          tolerance:
            atol: 0.5
          metrics:
            max_abs_error:
            - 0.0
            - 0.5
            count_mispredictions:
            - 0
            - 0
    outs:
    - path: outputs/language/streamlined.onnx
      hash: md5
      md5: 7ee5b5e5dca3ffcd362ba860b0116e22
      size: 11604027
    - path: outputs/language/streamlined.onnx.pkl.xz
      hash: md5
      md5: df9babe8afc5f0b4e5a845f35f98fa0a
      size: 651760
