schema: '2.0'
stages:
  tokenizer:
    cmd: PARTITION=normal bash run.sh python -m language.tokenizer
    deps:
    - path: language/dataset.py
      hash: md5
      md5: e66d569db8dcb3f5bb06e56941983854
      size: 2302
    - path: language/tokenizer.py
      hash: md5
      md5: facaff044fb3f5fb66bc4bc7d40aa147
      size: 1593
    - path: utils.py
      hash: md5
      md5: 46e1ab8e4a131348b7ef7482946e8bbd
      size: 1439
    params:
      language/params.yaml:
        dataset:
          path: roneneldan/TinyStories
          name:
          split: train
          splits:
          - 0.8
          - 0.1
          - 0.1
        seed: 12
        tag: baseline
        tokenizer:
          pretrained: bert-base-cased
          vocab_size: 2048
          limit_alphabet: 150
    outs:
    - path: outputs/language/tokenizer
      hash: md5
      md5: 61948a57f0450a0f7f7a9d7814450207.dir
      size: 55434
      nfiles: 4
  train:
    cmd: PARTITION=gpu bash run.sh python -m language.train
    deps:
    - path: activations.py
      hash: md5
      md5: f528b1e97dfd8b8f2952306a4ccdb5f3
      size: 298
    - path: attention.py
      hash: md5
      md5: f9dcfe32256c4b182ec97853c29744e8
      size: 7516
    - path: blocks.py
      hash: md5
      md5: 80c021787c6f689f8981a38b668993df
      size: 22683
    - path: embedding.py
      hash: md5
      md5: ca17dc44f56a952295afd112ce7cc992
      size: 3897
    - path: encoding.py
      hash: md5
      md5: 481854c553f5991907217d8981931d6c
      size: 8840
    - path: language/dataset.py
      hash: md5
      md5: e66d569db8dcb3f5bb06e56941983854
      size: 2302
    - path: language/model.py
      hash: md5
      md5: 26b34eab64cb1f372623ad89b061b8d5
      size: 5873
    - path: language/train.py
      hash: md5
      md5: 7efc18bc2ce2eb396805e77ca64778bc
      size: 7065
    - path: lazy.py
      hash: md5
      md5: dc8537c6a3615ea74c2d1db381974a55
      size: 5162
    - path: outputs/language/tokenizer
      hash: md5
      md5: 61948a57f0450a0f7f7a9d7814450207.dir
      size: 55434
      nfiles: 4
    - path: quant.py
      hash: md5
      md5: 861ee87e24d388efec8bc21cc3df989e
      size: 1221
    - path: utils.py
      hash: md5
      md5: 46e1ab8e4a131348b7ef7482946e8bbd
      size: 1439
    params:
      language/params.yaml:
        dataset:
          path: roneneldan/TinyStories
          name:
          split: train
          splits:
          - 0.8
          - 0.1
          - 0.1
        model:
          embedding:
            bits:
          positional: binary
          configuration: original
          num_layers: 2
          num_heads: 4
          emb_dim: 64
          expansion_dim: 256
          bits:
          activation: relu
          norm: batch-norm
          norm_placement: pre-norm
          dropout: 0.1
        seed: 12
        tag: baseline
        train:
          epochs: 20
          batch_size: 256
          context_length: 256
          mlm: true
          mlm_probability: 0.15
          optimizer:
            algorithm: adam
            lr: 0.001
            weight_decay: 0.0
            betas:
            - 0.9
            - 0.999
            eps: 1e-08
          criterion: cross-entropy
          scheduler:
            factor: 0.5
            patience: 10
          loader:
            shuffle: true
            num_workers: 32
            prefetch_factor: 4
            persistent_workers: false
            pin_memory: true
            drop_last: true
    outs:
    - path: outputs/language/loss.yaml
      hash: md5
      md5: b252c88b63c5b89bd5484459aa6cbaa7
      size: 1115
    - path: outputs/language/lr.yaml
      hash: md5
      md5: 352804c7dcabf266da98ffd9d9309782
      size: 364
    - path: outputs/language/model.pt
      hash: md5
      md5: 27d419e6cb00405f7f73db326be409da
      size: 1274350
    - path: outputs/language/optimizer.pt
      hash: md5
      md5: aefb1960d633d689ca0a955992e61ffa
      size: 2524738
  eval:
    cmd: PARTITION=gpu bash run.sh python -m language.eval
    deps:
    - path: activations.py
      hash: md5
      md5: f528b1e97dfd8b8f2952306a4ccdb5f3
      size: 298
    - path: attention.py
      hash: md5
      md5: f9dcfe32256c4b182ec97853c29744e8
      size: 7516
    - path: blocks.py
      hash: md5
      md5: 80c021787c6f689f8981a38b668993df
      size: 22683
    - path: embedding.py
      hash: md5
      md5: ca17dc44f56a952295afd112ce7cc992
      size: 3897
    - path: encoding.py
      hash: md5
      md5: 481854c553f5991907217d8981931d6c
      size: 8840
    - path: language/dataset.py
      hash: md5
      md5: e66d569db8dcb3f5bb06e56941983854
      size: 2302
    - path: language/eval.py
      hash: md5
      md5: e67fdcb94509b2defa8d1d8fb2c38abe
      size: 5091
    - path: language/model.py
      hash: md5
      md5: 26b34eab64cb1f372623ad89b061b8d5
      size: 5873
    - path: lazy.py
      hash: md5
      md5: dc8537c6a3615ea74c2d1db381974a55
      size: 5162
    - path: outputs/language/model.pt
      hash: md5
      md5: 27d419e6cb00405f7f73db326be409da
      size: 1274350
    - path: outputs/language/tokenizer
      hash: md5
      md5: 61948a57f0450a0f7f7a9d7814450207.dir
      size: 55434
      nfiles: 4
    - path: quant.py
      hash: md5
      md5: 861ee87e24d388efec8bc21cc3df989e
      size: 1221
    - path: utils.py
      hash: md5
      md5: 46e1ab8e4a131348b7ef7482946e8bbd
      size: 1439
    params:
      language/params.yaml:
        dataset:
          path: roneneldan/TinyStories
          name:
          split: train
          splits:
          - 0.8
          - 0.1
          - 0.1
        eval:
          batch_size: 512
          context_length: 256
          mlm: true
          mlm_probability: 0.15
          loader:
            num_workers: 32
            prefetch_factor: 4
            persistent_workers: false
            pin_memory: true
            drop_last: true
        model:
          embedding:
            bits:
          positional: binary
          configuration: original
          num_layers: 2
          num_heads: 4
          emb_dim: 64
          expansion_dim: 256
          bits:
          activation: relu
          norm: batch-norm
          norm_placement: pre-norm
          dropout: 0.1
        seed: 12
        tag: baseline
    outs:
    - path: outputs/language/accuracy.yaml
      hash: md5
      md5: 6cf5a4cedb400ae4adc3edb1425ded75
      size: 53
  export:
    cmd: PARTITION=normal bash run.sh python -m language.export
    deps:
    - path: activations.py
      hash: md5
      md5: f528b1e97dfd8b8f2952306a4ccdb5f3
      size: 298
    - path: attention.py
      hash: md5
      md5: f9dcfe32256c4b182ec97853c29744e8
      size: 7516
    - path: blocks.py
      hash: md5
      md5: 80c021787c6f689f8981a38b668993df
      size: 22683
    - path: embedding.py
      hash: md5
      md5: ca17dc44f56a952295afd112ce7cc992
      size: 3897
    - path: encoding.py
      hash: md5
      md5: 481854c553f5991907217d8981931d6c
      size: 8840
    - path: language/dataset.py
      hash: md5
      md5: e66d569db8dcb3f5bb06e56941983854
      size: 2302
    - path: language/export.py
      hash: md5
      md5: e3fe446fb3b0058b42a1a6e86f429a6f
      size: 4424
    - path: language/model.py
      hash: md5
      md5: 26b34eab64cb1f372623ad89b061b8d5
      size: 5873
    - path: lazy.py
      hash: md5
      md5: dc8537c6a3615ea74c2d1db381974a55
      size: 5162
    - path: outputs/language/model.pt
      hash: md5
      md5: 27d419e6cb00405f7f73db326be409da
      size: 1274350
    - path: outputs/language/tokenizer
      hash: md5
      md5: 61948a57f0450a0f7f7a9d7814450207.dir
      size: 55434
      nfiles: 4
    - path: quant.py
      hash: md5
      md5: 861ee87e24d388efec8bc21cc3df989e
      size: 1221
    - path: utils.py
      hash: md5
      md5: 46e1ab8e4a131348b7ef7482946e8bbd
      size: 1439
    params:
      language/params.yaml:
        dataset:
          path: roneneldan/TinyStories
          name:
          split: train
          splits:
          - 0.8
          - 0.1
          - 0.1
        export:
          split_heads: false
          opset_version: 19
          do_constant_folding: true
          batch_size: 1
          context_length: 256
          mlm: true
          mlm_probability: 0.15
          dynamo: false
          external_data: false
          optimize: false
        model:
          embedding:
            bits:
          positional: binary
          configuration: original
          num_layers: 2
          num_heads: 4
          emb_dim: 64
          expansion_dim: 256
          bits:
          activation: relu
          norm: batch-norm
          norm_placement: pre-norm
          dropout: 0.1
        seed: 12
        tag: baseline
    outs:
    - path: outputs/language/cls.npy
      hash: md5
      md5: 0b8384ae3c53fba68d664bee45becab0
      size: 2176
    - path: outputs/language/inp.npy
      hash: md5
      md5: 2be5b8970fe67ade3940bc431752928c
      size: 2176
    - path: outputs/language/model.onnx
      hash: md5
      md5: e79ed54cf55b337fd43ea49062c00558
      size: 1535000
    - path: outputs/language/out.npy
      hash: md5
      md5: 18f134eec61f38adb29f0ae3d92fe9b6
      size: 2097280
  streamline:
    cmd: PARTITION=normal bash run.sh onnx-passes -c language/passes.yaml -o 
      outputs/language/streamlined.onnx outputs/language/model.onnx
    deps:
    - path: adhoc_passes.py
      hash: md5
      md5: 330298c0b5c8dafef10094fd5180071e
      size: 299
    - path: outputs/language/cls.npy
      hash: md5
      md5: 0b8384ae3c53fba68d664bee45becab0
      size: 2176
    - path: outputs/language/inp.npy
      hash: md5
      md5: 2be5b8970fe67ade3940bc431752928c
      size: 2176
    - path: outputs/language/model.onnx
      hash: md5
      md5: e79ed54cf55b337fd43ea49062c00558
      size: 1535000
    - path: outputs/language/out.npy
      hash: md5
      md5: 18f134eec61f38adb29f0ae3d92fe9b6
      size: 2097280
    params:
      language/passes.yaml:
        imports:
        - adhoc_passes
        logging:
          verbose: false
          checkpoint: false
          keep_intermediates: false
        model_checker:
          full_check: true
        onnxruntime:
          providers:
          - - CPUExecutionProvider
            - {}
          full_context_dump: false
        passes:
        - import-qonnx
        - shape-inference
        - checker
        - verify
        - inline-qonnx
        - inline-batchnorm
        - inline-gemm
        - lower-conv
        - lower-pooling
        - shape-inference
        - checker
        - verify
        - streamline-thresholds
        - streamline
        - checker
        - verify
        - decompose-thresholds
        - shape-inference
        - fold-constants
        - eliminate
        - cleanup
        - MoveMulPastTranspose
        - shape-inference
        - fold-constants
        - eliminate
        - cleanup
        - MoveSplitPastElementwise
        - shape-inference
        - fold-constants
        - eliminate
        - cleanup
        - unbroadcast
        - eliminate
        - checker
        - verify
        reference:
          inp:
          - outputs/language/inp.npy
          out:
          - outputs/language/out.npy
        shape_inference: {}
        verify:
          tolerance:
            atol: 0.001
          metrics:
            max_abs_error:
            - 0.0
            - 0.01
    outs:
    - path: outputs/language/streamlined.onnx
      hash: md5
      md5: ed7828c3052cffd7d2328b0a2a464274
      size: 4471504
    - path: outputs/language/streamlined.onnx.pkl.xz
      hash: md5
      md5: f5c03e1276999717a7ed640fe3ef7b7b
      size: 10214408
