schema: '2.0'
stages:
  train:
    cmd: PARTITION=gpu bash run.sh python -m vision.train
    deps:
    - path: activations.py
      hash: md5
      md5: f528b1e97dfd8b8f2952306a4ccdb5f3
      size: 298
    - path: attention.py
      hash: md5
      md5: f9dcfe32256c4b182ec97853c29744e8
      size: 7516
    - path: blocks.py
      hash: md5
      md5: dc77e8bfd3ac03048a7c6e049b4af55d
      size: 22999
    - path: embedding.py
      hash: md5
      md5: 02ef6cc1037c25a3dd1de29d46acd7a1
      size: 3909
    - path: encoding.py
      hash: md5
      md5: 08ba618cce0e47e68014ac1c9ee77b05
      size: 8835
    - path: lazy.py
      hash: md5
      md5: dc8537c6a3615ea74c2d1db381974a55
      size: 5162
    - path: quant.py
      hash: md5
      md5: 861ee87e24d388efec8bc21cc3df989e
      size: 1221
    - path: utils.py
      hash: md5
      md5: 750a14e619ab121477a341d90669b078
      size: 4009
    - path: vision/model.py
      hash: md5
      md5: 90c9ab4bc24ddeabf3a3b76c63c07e16
      size: 6783
    - path: vision/train.py
      hash: md5
      md5: 5d608a45d6727dbd5f20108a07d44b7a
      size: 6551
    params:
      vision/params.yaml:
        dataset: '...'
        model:
          num_classes: 10
          embedding:
            patches:
            - 16
            - 16
            kernel_size:
            - 2
            - 2
            padding:
            - 0
            - 0
            stride:
            - 2
            - 2
            activation: relu
            bits: 8
          positional:
            encoding: learned
            bits: 8
          configuration: original
          num_layers: 2
          num_heads: 4
          emb_dim: 64
          expansion_dim: 256
          bits: 4
          cls_bits: 8
          activation: relu
          norm: batch-norm
          norm_placement: post-norm
          dropout: 0.1
        seed: 12
        tag: quantized
        train:
          epochs: 30
          batch_size: 256
          optimizer:
            algorithm: adam
            lr: 0.01
            weight_decay: 1e-05
            betas:
            - 0.9
            - 0.999
            eps: 1e-08
          criterion: cross-entropy
          scheduler:
            factor: 0.5
            patience: 10
          loader:
            shuffle: true
            num_workers: 32
            prefetch_factor: 4
            persistent_workers: false
            pin_memory: true
            drop_last: true
    outs:
    - path: outputs/vision/loss.yaml
      hash: md5
      md5: d28e9591ea84de42aad47c0d813b03f1
      size: 1649
    - path: outputs/vision/lr.yaml
      hash: md5
      md5: 56d3449303be3da67455e1b95df6621a
      size: 537
    - path: outputs/vision/model.pt
      hash: md5
      md5: a1e2363fb9f27e25480097a964ba72b8
      size: 466516
    - path: outputs/vision/optimizer.pt
      hash: md5
      md5: 8f9c649d157f3b9754439f8302a4beed
      size: 563797
  eval:
    cmd: PARTITION=gpu bash run.sh python -m vision.eval
    deps:
    - path: activations.py
      hash: md5
      md5: f528b1e97dfd8b8f2952306a4ccdb5f3
      size: 298
    - path: attention.py
      hash: md5
      md5: f9dcfe32256c4b182ec97853c29744e8
      size: 7516
    - path: blocks.py
      hash: md5
      md5: dc77e8bfd3ac03048a7c6e049b4af55d
      size: 22999
    - path: embedding.py
      hash: md5
      md5: 02ef6cc1037c25a3dd1de29d46acd7a1
      size: 3909
    - path: encoding.py
      hash: md5
      md5: 08ba618cce0e47e68014ac1c9ee77b05
      size: 8835
    - path: lazy.py
      hash: md5
      md5: dc8537c6a3615ea74c2d1db381974a55
      size: 5162
    - path: outputs/vision/model.pt
      hash: md5
      md5: a1e2363fb9f27e25480097a964ba72b8
      size: 466516
    - path: quant.py
      hash: md5
      md5: 861ee87e24d388efec8bc21cc3df989e
      size: 1221
    - path: utils.py
      hash: md5
      md5: 750a14e619ab121477a341d90669b078
      size: 4009
    - path: vision/eval.py
      hash: md5
      md5: 965691e57252b046442d7d590cb77a6c
      size: 4748
    - path: vision/model.py
      hash: md5
      md5: 90c9ab4bc24ddeabf3a3b76c63c07e16
      size: 6783
    params:
      vision/params.yaml:
        dataset: '...'
        eval:
          batch_size: 512
          loader:
            num_workers: 32
            prefetch_factor: 4
            persistent_workers: false
            pin_memory: true
            drop_last: false
        model:
          num_classes: 10
          embedding:
            patches:
            - 16
            - 16
            kernel_size:
            - 2
            - 2
            padding:
            - 0
            - 0
            stride:
            - 2
            - 2
            activation: relu
            bits: 8
          positional:
            encoding: learned
            bits: 8
          configuration: original
          num_layers: 2
          num_heads: 4
          emb_dim: 64
          expansion_dim: 256
          bits: 4
          cls_bits: 8
          activation: relu
          norm: batch-norm
          norm_placement: post-norm
          dropout: 0.1
        seed: 12
        tag: quantized
    outs:
    - path: outputs/vision/accuracy.yaml
      hash: md5
      md5: 10049bce744777f4ea9eb58908434f6b
      size: 28
    - path: outputs/vision/classes.csv
      hash: md5
      md5: 99b53ebcb18dd147914eab3ff8125d30
      size: 40015
  export:
    cmd: PARTITION=normal bash run.sh python -m vision.export
    deps:
    - path: activations.py
      hash: md5
      md5: f528b1e97dfd8b8f2952306a4ccdb5f3
      size: 298
    - path: attention.py
      hash: md5
      md5: f9dcfe32256c4b182ec97853c29744e8
      size: 7516
    - path: blocks.py
      hash: md5
      md5: dc77e8bfd3ac03048a7c6e049b4af55d
      size: 22999
    - path: embedding.py
      hash: md5
      md5: 02ef6cc1037c25a3dd1de29d46acd7a1
      size: 3909
    - path: encoding.py
      hash: md5
      md5: 08ba618cce0e47e68014ac1c9ee77b05
      size: 8835
    - path: lazy.py
      hash: md5
      md5: dc8537c6a3615ea74c2d1db381974a55
      size: 5162
    - path: outputs/vision/model.pt
      hash: md5
      md5: a1e2363fb9f27e25480097a964ba72b8
      size: 466516
    - path: quant.py
      hash: md5
      md5: 861ee87e24d388efec8bc21cc3df989e
      size: 1221
    - path: utils.py
      hash: md5
      md5: 750a14e619ab121477a341d90669b078
      size: 4009
    - path: vision/export.py
      hash: md5
      md5: 56a0b75a8029968a14530b1a0e8ffe7f
      size: 3943
    - path: vision/model.py
      hash: md5
      md5: 90c9ab4bc24ddeabf3a3b76c63c07e16
      size: 6783
    params:
      vision/params.yaml:
        dataset: '...'
        export:
          split_heads: true
          opset_version: 19
          do_constant_folding: true
          batch_size: 1
          dynamo: false
          external_data: false
          optimize: false
        model:
          num_classes: 10
          embedding:
            patches:
            - 16
            - 16
            kernel_size:
            - 2
            - 2
            padding:
            - 0
            - 0
            stride:
            - 2
            - 2
            activation: relu
            bits: 8
          positional:
            encoding: learned
            bits: 8
          configuration: original
          num_layers: 2
          num_heads: 4
          emb_dim: 64
          expansion_dim: 256
          bits: 4
          cls_bits: 8
          activation: relu
          norm: batch-norm
          norm_placement: post-norm
          dropout: 0.1
        seed: 12
        tag: quantized
    outs:
    - path: outputs/vision/cls.npy
      hash: md5
      md5: efa9423070d05804ad902edd7b10a08b
      size: 136
    - path: outputs/vision/inp.npy
      hash: md5
      md5: 04c5db62fe1ce128901047ab233dd42e
      size: 12416
    - path: outputs/vision/model.onnx
      hash: md5
      md5: ac0e9d421ae48d90604d9b4ed8d3b930
      size: 335307
    - path: outputs/vision/out.npy
      hash: md5
      md5: 57c3e17be23b1f87b2e7721eaf64b5c6
      size: 168
  streamline:
    cmd: PARTITION=normal bash run.sh onnx-passes -c vision/passes.yaml -o 
      outputs/vision/streamlined.onnx outputs/vision/model.onnx
    deps:
    - path: adhoc_passes.py
      hash: md5
      md5: 03d4a11676b8bc4a0407ca1de9037d34
      size: 743
    - path: outputs/vision/cls.npy
      hash: md5
      md5: efa9423070d05804ad902edd7b10a08b
      size: 136
    - path: outputs/vision/inp.npy
      hash: md5
      md5: 04c5db62fe1ce128901047ab233dd42e
      size: 12416
    - path: outputs/vision/model.onnx
      hash: md5
      md5: ac0e9d421ae48d90604d9b4ed8d3b930
      size: 335307
    - path: outputs/vision/out.npy
      hash: md5
      md5: 57c3e17be23b1f87b2e7721eaf64b5c6
      size: 168
    params:
      vision/passes.yaml:
        imports:
        - adhoc_passes
        layouts:
          inp:
          - assumes:
            - N
            - C
            - H
            - W
            perm:
            - 0
            - 2
            - 3
            - 1
        logging:
          verbose: false
          checkpoint: false
          keep_intermediates: false
        model_checker:
          full_check: true
        onnxruntime:
          providers:
          - - CPUExecutionProvider
            - {}
          full_context_dump: false
        passes:
        - import-qonnx
        - convert-layouts
        - shape-inference
        - checker
        - verify
        - inline-qonnx
        - inline-batchnorm
        - inline-gemm
        - lower-conv
        - lower-pooling
        - shape-inference
        - checker
        - verify
        - streamline-thresholds
        - streamline
        - checker
        - verify
        - absorb-layouts
        - decompose-thresholds
        - tidyup
        - MoveMulPastTranspose
        - tidyup
        - MoveSplitPastElementwise
        - tidyup
        - unbroadcast
        - tidyup
        - checker
        - verify
        reference:
          inp:
          - outputs/vision/inp.npy
          out:
          - outputs/vision/out.npy
        shape_inference: {}
        verify:
          tolerance:
            atol: 0.5
          metrics:
            max_abs_error:
            - 0.0
            - 0.5
            count_mispredictions:
            - 0
            - 0
    outs:
    - path: outputs/vision/streamlined.onnx
      hash: md5
      md5: d916b90751e358acb7dbb2f61275c696
      size: 917975
    - path: outputs/vision/streamlined.onnx.pkl.xz
      hash: md5
      md5: 7928aab8ac1e21570cad95fa3bb421c6
      size: 12900
