schema: '2.0'
stages:
  train:
    cmd: PARTITION=gpu bash run.sh python -m vision.train
    deps:
    - path: activations.py
      hash: md5
      md5: f528b1e97dfd8b8f2952306a4ccdb5f3
      size: 298
    - path: attention.py
      hash: md5
      md5: f9dcfe32256c4b182ec97853c29744e8
      size: 7516
    - path: blocks.py
      hash: md5
      md5: 80c021787c6f689f8981a38b668993df
      size: 22683
    - path: embedding.py
      hash: md5
      md5: ca17dc44f56a952295afd112ce7cc992
      size: 3897
    - path: encoding.py
      hash: md5
      md5: 481854c553f5991907217d8981931d6c
      size: 8840
    - path: lazy.py
      hash: md5
      md5: dc8537c6a3615ea74c2d1db381974a55
      size: 5162
    - path: quant.py
      hash: md5
      md5: 861ee87e24d388efec8bc21cc3df989e
      size: 1221
    - path: utils.py
      hash: md5
      md5: 46e1ab8e4a131348b7ef7482946e8bbd
      size: 1439
    - path: vision/model.py
      hash: md5
      md5: 31d6494d13c1c838ddd4d828addd6b6a
      size: 6546
    - path: vision/train.py
      hash: md5
      md5: 5d608a45d6727dbd5f20108a07d44b7a
      size: 6551
    params:
      vision/params.yaml:
        dataset: '...'
        model:
          num_classes: 10
          embedding:
            patches:
            - 16
            - 16
            kernel_size:
            - 2
            - 2
            padding:
            - 0
            - 0
            stride:
            - 2
            - 2
            activation: relu
            bits:
          positional: learned
          configuration: original
          num_layers: 2
          num_heads: 4
          emb_dim: 64
          expansion_dim: 256
          bits:
          activation: relu
          norm: batch-norm
          norm_placement: post-norm
          dropout: 0.1
        seed: 12
        tag: baseline
        train:
          epochs: 30
          batch_size: 256
          optimizer:
            algorithm: adam
            lr: 0.01
            weight_decay: 1e-05
            betas:
            - 0.9
            - 0.999
            eps: 1e-08
          criterion: cross-entropy
          scheduler:
            factor: 0.5
            patience: 10
          loader:
            shuffle: true
            num_workers: 32
            prefetch_factor: 4
            persistent_workers: false
            pin_memory: true
            drop_last: true
    outs:
    - path: outputs/vision/loss.yaml
      hash: md5
      md5: 0f2d07317cb2aebbb2a9f8c784a2bc50
      size: 1669
    - path: outputs/vision/lr.yaml
      hash: md5
      md5: 770b805596acdf87c0c0634a3e3617e1
      size: 516
    - path: outputs/vision/model.pt
      hash: md5
      md5: f2ef9325a4fa1a481f65874d9cb153dd
      size: 292491
    - path: outputs/vision/optimizer.pt
      hash: md5
      md5: 050e9a814c23110d1fb9d30ed5ba80ea
      size: 558326
  eval:
    cmd: PARTITION=gpu bash run.sh python -m vision.eval
    deps:
    - path: activations.py
      hash: md5
      md5: f528b1e97dfd8b8f2952306a4ccdb5f3
      size: 298
    - path: attention.py
      hash: md5
      md5: f9dcfe32256c4b182ec97853c29744e8
      size: 7516
    - path: blocks.py
      hash: md5
      md5: 80c021787c6f689f8981a38b668993df
      size: 22683
    - path: embedding.py
      hash: md5
      md5: ca17dc44f56a952295afd112ce7cc992
      size: 3897
    - path: encoding.py
      hash: md5
      md5: 481854c553f5991907217d8981931d6c
      size: 8840
    - path: lazy.py
      hash: md5
      md5: dc8537c6a3615ea74c2d1db381974a55
      size: 5162
    - path: outputs/vision/model.pt
      hash: md5
      md5: f2ef9325a4fa1a481f65874d9cb153dd
      size: 292491
    - path: quant.py
      hash: md5
      md5: 861ee87e24d388efec8bc21cc3df989e
      size: 1221
    - path: utils.py
      hash: md5
      md5: 46e1ab8e4a131348b7ef7482946e8bbd
      size: 1439
    - path: vision/eval.py
      hash: md5
      md5: 965691e57252b046442d7d590cb77a6c
      size: 4748
    - path: vision/model.py
      hash: md5
      md5: 31d6494d13c1c838ddd4d828addd6b6a
      size: 6546
    params:
      vision/params.yaml:
        dataset: '...'
        eval:
          batch_size: 512
          loader:
            num_workers: 32
            prefetch_factor: 4
            persistent_workers: false
            pin_memory: true
            drop_last: false
        model:
          num_classes: 10
          embedding:
            patches:
            - 16
            - 16
            kernel_size:
            - 2
            - 2
            padding:
            - 0
            - 0
            stride:
            - 2
            - 2
            activation: relu
            bits:
          positional: learned
          configuration: original
          num_layers: 2
          num_heads: 4
          emb_dim: 64
          expansion_dim: 256
          bits:
          activation: relu
          norm: batch-norm
          norm_placement: post-norm
          dropout: 0.1
        seed: 12
        tag: baseline
    outs:
    - path: outputs/vision/accuracy.yaml
      hash: md5
      md5: 3c625e1d73e987197f44ce8570a05bd9
      size: 28
    - path: outputs/vision/classes.csv
      hash: md5
      md5: cdd630bd4789e2b61792c98a12932255
      size: 40015
  export:
    cmd: PARTITION=normal bash run.sh python -m vision.export
    deps:
    - path: activations.py
      hash: md5
      md5: f528b1e97dfd8b8f2952306a4ccdb5f3
      size: 298
    - path: attention.py
      hash: md5
      md5: f9dcfe32256c4b182ec97853c29744e8
      size: 7516
    - path: blocks.py
      hash: md5
      md5: 80c021787c6f689f8981a38b668993df
      size: 22683
    - path: embedding.py
      hash: md5
      md5: ca17dc44f56a952295afd112ce7cc992
      size: 3897
    - path: encoding.py
      hash: md5
      md5: 481854c553f5991907217d8981931d6c
      size: 8840
    - path: lazy.py
      hash: md5
      md5: dc8537c6a3615ea74c2d1db381974a55
      size: 5162
    - path: outputs/vision/model.pt
      hash: md5
      md5: f2ef9325a4fa1a481f65874d9cb153dd
      size: 292491
    - path: quant.py
      hash: md5
      md5: 861ee87e24d388efec8bc21cc3df989e
      size: 1221
    - path: utils.py
      hash: md5
      md5: 46e1ab8e4a131348b7ef7482946e8bbd
      size: 1439
    - path: vision/export.py
      hash: md5
      md5: 2fd43b4b437ec9359510b791e9b33444
      size: 3740
    - path: vision/model.py
      hash: md5
      md5: 31d6494d13c1c838ddd4d828addd6b6a
      size: 6546
    params:
      vision/params.yaml:
        dataset: '...'
        export:
          split_heads: false
          opset_version: 19
          do_constant_folding: true
          batch_size: 1
          dynamo: false
          external_data: false
          optimize: false
        model:
          num_classes: 10
          embedding:
            patches:
            - 16
            - 16
            kernel_size:
            - 2
            - 2
            padding:
            - 0
            - 0
            stride:
            - 2
            - 2
            activation: relu
            bits:
          positional: learned
          configuration: original
          num_layers: 2
          num_heads: 4
          emb_dim: 64
          expansion_dim: 256
          bits:
          activation: relu
          norm: batch-norm
          norm_placement: post-norm
          dropout: 0.1
        seed: 12
        tag: baseline
    outs:
    - path: outputs/vision/cls.npy
      hash: md5
      md5: efa9423070d05804ad902edd7b10a08b
      size: 136
    - path: outputs/vision/inp.npy
      hash: md5
      md5: 04c5db62fe1ce128901047ab233dd42e
      size: 12416
    - path: outputs/vision/model.onnx
      hash: md5
      md5: 3880c82b997734172d7fa44720da7cb1
      size: 485421
    - path: outputs/vision/out.npy
      hash: md5
      md5: 6d2cb37204618bc8dbb4aa4a2d4c0f22
      size: 168
  streamline:
    cmd: PARTITION=normal bash run.sh onnx-passes -c vision/passes.yaml -o 
      outputs/vision/streamlined.onnx outputs/vision/model.onnx
    deps:
    - path: adhoc_passes.py
      hash: md5
      md5: 330298c0b5c8dafef10094fd5180071e
      size: 299
    - path: outputs/vision/cls.npy
      hash: md5
      md5: efa9423070d05804ad902edd7b10a08b
      size: 136
    - path: outputs/vision/inp.npy
      hash: md5
      md5: 04c5db62fe1ce128901047ab233dd42e
      size: 12416
    - path: outputs/vision/model.onnx
      hash: md5
      md5: 3880c82b997734172d7fa44720da7cb1
      size: 485421
    - path: outputs/vision/out.npy
      hash: md5
      md5: 6d2cb37204618bc8dbb4aa4a2d4c0f22
      size: 168
    params:
      vision/passes.yaml:
        imports:
        - adhoc_passes
        layouts:
          inp:
          - assumes:
            - N
            - C
            - H
            - W
            perm:
            - 0
            - 2
            - 3
            - 1
        logging:
          verbose: false
          checkpoint: false
          keep_intermediates: false
        model_checker:
          full_check: true
        onnxruntime:
          providers:
          - - CPUExecutionProvider
            - {}
          full_context_dump: false
        passes:
        - import-qonnx
        - convert-layouts
        - shape-inference
        - checker
        - verify
        - inline-qonnx
        - inline-batchnorm
        - inline-gemm
        - lower-conv
        - lower-pooling
        - shape-inference
        - checker
        - verify
        - streamline-thresholds
        - streamline
        - checker
        - verify
        - absorb-layouts
        - decompose-thresholds
        - shape-inference
        - fold-constants
        - eliminate
        - cleanup
        - MoveMulPastTranspose
        - shape-inference
        - fold-constants
        - eliminate
        - cleanup
        - MoveSplitPastElementwise
        - shape-inference
        - fold-constants
        - eliminate
        - cleanup
        - unbroadcast
        - eliminate
        - checker
        - verify
        reference:
          inp:
          - outputs/vision/inp.npy
          out:
          - outputs/vision/out.npy
        shape_inference: {}
        verify:
          tolerance:
            atol: 0.001
          metrics:
            max_abs_error:
            - 0.0
            - 0.01
    outs:
    - path: outputs/vision/streamlined.onnx
      hash: md5
      md5: fe4d47baa51d2c103c4a65705c87c480
      size: 1100195
    - path: outputs/vision/streamlined.onnx.pkl.xz
      hash: md5
      md5: 2d83266f43c8f2706ad6b9e9984cba0d
      size: 12020
