schema: '2.0'
stages:
  train:
    cmd: bash run.sh python -m vision.train
    deps:
    - path: activations.py
      hash: md5
      md5: f528b1e97dfd8b8f2952306a4ccdb5f3
      size: 298
    - path: attention.py
      hash: md5
      md5: f9dcfe32256c4b182ec97853c29744e8
      size: 7516
    - path: blocks.py
      hash: md5
      md5: 15e21edafc6d211ac075cb38964a660e
      size: 22378
    - path: embedding.py
      hash: md5
      md5: 7ed092ae5710f20058b64ebbd7215126
      size: 2698
    - path: encoding.py
      hash: md5
      md5: 481854c553f5991907217d8981931d6c
      size: 8840
    - path: lazy.py
      hash: md5
      md5: dc8537c6a3615ea74c2d1db381974a55
      size: 5162
    - path: quant.py
      hash: md5
      md5: 861ee87e24d388efec8bc21cc3df989e
      size: 1221
    - path: utils.py
      hash: md5
      md5: 46e1ab8e4a131348b7ef7482946e8bbd
      size: 1439
    - path: vision/model.py
      hash: md5
      md5: abfc880284221906d010de1a85c7cb4c
      size: 6545
    - path: vision/train.py
      hash: md5
      md5: 5d608a45d6727dbd5f20108a07d44b7a
      size: 6551
    params:
      vision/params.yaml:
        dataset: '...'
        model:
          num_classes: 10
          embedding:
            patches:
            - 16
            - 16
            kernel_size:
            - 2
            - 2
            stride:
            - 2
            - 2
            activation: relu
            bits:
          positional: binary
          configuration: original
          num_layers: 1
          num_heads: 4
          emb_dim: 32
          expansion_dim: 128
          bits:
          activation: relu
          norm: batch-norm
          norm_placement: pre-norm
          dropout: 0.0
        seed: 12
        tag: baseline
        train:
          epochs: 20
          batch_size: 64
          optimizer:
            algorithm: adam
            lr: 0.001
            weight_decay: 0.0
            betas:
            - 0.9
            - 0.98
            eps: 1e-08
          criterion: cross-entropy
          scheduler:
            factor: 0.1
            patience: 5
          loader:
            shuffle: true
            num_workers: 32
            prefetch_factor: 4
            persistent_workers: false
            pin_memory: true
            drop_last: true
    outs:
    - path: outputs/vision/loss.yaml
      hash: md5
      md5: ec699c0f1e595bea888c62238b0be599
      size: 1085
    - path: outputs/vision/lr.yaml
      hash: md5
      md5: 352804c7dcabf266da98ffd9d9309782
      size: 364
    - path: outputs/vision/model.pt
      hash: md5
      md5: 51c54697387a0157ad09e7ecf8b56937
      size: 67280
    - path: outputs/vision/optimizer.pt
      hash: md5
      md5: 65741f61d669b26f5a50f4fbc4786a50
      size: 122809
  eval:
    cmd: bash run.sh python -m vision.eval
    deps:
    - path: activations.py
      hash: md5
      md5: f528b1e97dfd8b8f2952306a4ccdb5f3
      size: 298
    - path: attention.py
      hash: md5
      md5: f9dcfe32256c4b182ec97853c29744e8
      size: 7516
    - path: blocks.py
      hash: md5
      md5: 15e21edafc6d211ac075cb38964a660e
      size: 22378
    - path: embedding.py
      hash: md5
      md5: 7ed092ae5710f20058b64ebbd7215126
      size: 2698
    - path: encoding.py
      hash: md5
      md5: 481854c553f5991907217d8981931d6c
      size: 8840
    - path: lazy.py
      hash: md5
      md5: dc8537c6a3615ea74c2d1db381974a55
      size: 5162
    - path: outputs/vision/model.pt
      hash: md5
      md5: 51c54697387a0157ad09e7ecf8b56937
      size: 67280
    - path: quant.py
      hash: md5
      md5: 861ee87e24d388efec8bc21cc3df989e
      size: 1221
    - path: utils.py
      hash: md5
      md5: 46e1ab8e4a131348b7ef7482946e8bbd
      size: 1439
    - path: vision/eval.py
      hash: md5
      md5: 965691e57252b046442d7d590cb77a6c
      size: 4748
    - path: vision/model.py
      hash: md5
      md5: abfc880284221906d010de1a85c7cb4c
      size: 6545
    params:
      vision/params.yaml:
        dataset: '...'
        eval:
          batch_size: 512
          loader:
            num_workers: 8
            prefetch_factor: 8
            pin_memory: true
            drop_last: false
        model:
          num_classes: 10
          embedding:
            patches:
            - 16
            - 16
            kernel_size:
            - 2
            - 2
            stride:
            - 2
            - 2
            activation: relu
            bits:
          positional: binary
          configuration: original
          num_layers: 1
          num_heads: 4
          emb_dim: 32
          expansion_dim: 128
          bits:
          activation: relu
          norm: batch-norm
          norm_placement: pre-norm
          dropout: 0.0
        seed: 12
        tag: baseline
    outs:
    - path: outputs/vision/accuracy.yaml
      hash: md5
      md5: c4bd9588d21f41458e506711d45807ba
      size: 27
    - path: outputs/vision/classes.csv
      hash: md5
      md5: f470512120683ce1daad868ac9e62bd0
      size: 40015
  export:
    cmd: python -m vision.export
    deps:
    - path: activations.py
      hash: md5
      md5: f528b1e97dfd8b8f2952306a4ccdb5f3
      size: 298
    - path: attention.py
      hash: md5
      md5: f9dcfe32256c4b182ec97853c29744e8
      size: 7516
    - path: blocks.py
      hash: md5
      md5: 15e21edafc6d211ac075cb38964a660e
      size: 22378
    - path: embedding.py
      hash: md5
      md5: 7ed092ae5710f20058b64ebbd7215126
      size: 2698
    - path: encoding.py
      hash: md5
      md5: 481854c553f5991907217d8981931d6c
      size: 8840
    - path: lazy.py
      hash: md5
      md5: dc8537c6a3615ea74c2d1db381974a55
      size: 5162
    - path: outputs/vision/model.pt
      hash: md5
      md5: 51c54697387a0157ad09e7ecf8b56937
      size: 67280
    - path: quant.py
      hash: md5
      md5: 861ee87e24d388efec8bc21cc3df989e
      size: 1221
    - path: utils.py
      hash: md5
      md5: 46e1ab8e4a131348b7ef7482946e8bbd
      size: 1439
    - path: vision/export.py
      hash: md5
      md5: 817e2dfb572b7dde780fe6f90b665596
      size: 3576
    - path: vision/model.py
      hash: md5
      md5: abfc880284221906d010de1a85c7cb4c
      size: 6545
    params:
      vision/params.yaml:
        dataset: '...'
        export:
          split_heads: false
          opset_version: 18
          do_constant_folding: true
          batch_size: 1
          dynamo: false
          external_data: false
          optimize: false
        model:
          num_classes: 10
          embedding:
            patches:
            - 16
            - 16
            kernel_size:
            - 2
            - 2
            stride:
            - 2
            - 2
            activation: relu
            bits:
          positional: binary
          configuration: original
          num_layers: 1
          num_heads: 4
          emb_dim: 32
          expansion_dim: 128
          bits:
          activation: relu
          norm: batch-norm
          norm_placement: pre-norm
          dropout: 0.0
        seed: 12
        tag: baseline
    outs:
    - path: outputs/vision/inp.npy
      hash: md5
      md5: 2e88193b4ec4f0b4b43f9d4e7229e13c
      size: 12416
    - path: outputs/vision/model.onnx
      hash: md5
      md5: 66092d0c07728c7806aaab2a9fdd5dfc
      size: 95249
    - path: outputs/vision/out.npy
      hash: md5
      md5: efa9423070d05804ad902edd7b10a08b
      size: 136
