schema: '2.0'
stages:
  train:
    cmd: PARTITION=gpu bash run.sh python -m radioml.train
    deps:
    - path: activations.py
      hash: md5
      md5: f528b1e97dfd8b8f2952306a4ccdb5f3
      size: 298
    - path: attention.py
      hash: md5
      md5: f9dcfe32256c4b182ec97853c29744e8
      size: 7516
    - path: blocks.py
      hash: md5
      md5: 94b955d3c734cb1e5c007c9e9e356f29
      size: 23056
    - path: embedding.py
      hash: md5
      md5: 88f9614ba3b485145a40fa3ef9c4bb17
      size: 3923
    - path: encoding.py
      hash: md5
      md5: 08ba618cce0e47e68014ac1c9ee77b05
      size: 8835
    - path: lazy.py
      hash: md5
      md5: dc8537c6a3615ea74c2d1db381974a55
      size: 5162
    - path: quant.py
      hash: md5
      md5: 861ee87e24d388efec8bc21cc3df989e
      size: 1221
    - path: radioml/dataset.py
      hash: md5
      md5: 098d3a3ea30571b048605c4de0818496
      size: 5248
    - path: radioml/model.py
      hash: md5
      md5: 45d03eba2be79db531018a2ebeb8ab46
      size: 6821
    - path: radioml/train.py
      hash: md5
      md5: 8327f7f68b18751b585a3bf5fa97ae86
      size: 5892
    - path: utils.py
      hash: md5
      md5: 750a14e619ab121477a341d90669b078
      size: 4009
    params:
      radioml/params.yaml:
        dataset:
          signal_to_noise_ratios:
          - -6
          - -4
          - -2
          - 0
          - 2
          - 4
          - 6
          - 8
          - 10
          - 12
          - 14
          - 16
          - 18
          - 20
          - 22
          - 24
          - 26
          - 28
          - 30
          splits:
          - 0.8
          - 0.1
          - 0.1
          seed: 12
          reshape:
          - 1
          - 1024
          - 2
        model:
          num_classes: 24
          embedding:
            patches:
            - 1
            - 64
            kernel_size:
            - 1
            - 16
            stride:
            - 1
            - 16
            padding:
            - 0
            - 0
            activation: relu
            bits: 8
          positional:
            encoding: learned
            bits: 8
          configuration: original
          num_layers: 1
          num_heads: 3
          emb_dim: 96
          expansion_dim: 384
          bits: 5
          cls_bits: 8
          activation: relu
          norm: batch-norm
          norm_placement: pre-norm
          dropout: 0.5
        seed: 33
        tag: quantized
        train:
          epochs: 100
          batch_size: 512
          optimizer:
            algorithm: adam
            lr: 0.001
            weight_decay: 1e-05
            betas:
            - 0.9
            - 0.999
            eps: 1e-08
          criterion: cross-entropy
          scheduler:
            factor: 0.5
            patience: 5
          loader:
            shuffle: true
            num_workers: 32
            prefetch_factor: 4
            persistent_workers: false
            pin_memory: true
            drop_last: true
    outs:
    - path: outputs/radioml/loss.yaml
      hash: md5
      md5: 4f566cda46e6b0e0ba8657c06aa1e314
      size: 5526
    - path: outputs/radioml/lr.yaml
      hash: md5
      md5: 29747c2b72d996befd76ee8421972cd0
      size: 1839
    - path: outputs/radioml/model.pt
      hash: md5
      md5: e83224c4303a74fee192ac94953ee752
      size: 604761
    - path: outputs/radioml/optimizer.pt
      hash: md5
      md5: 972940caaedf827d9bfe357fb21566b9
      size: 1006040
  eval:
    cmd: PARTITION=gpu bash run.sh python -m radioml.eval
    deps:
    - path: activations.py
      hash: md5
      md5: f528b1e97dfd8b8f2952306a4ccdb5f3
      size: 298
    - path: attention.py
      hash: md5
      md5: f9dcfe32256c4b182ec97853c29744e8
      size: 7516
    - path: blocks.py
      hash: md5
      md5: 94b955d3c734cb1e5c007c9e9e356f29
      size: 23056
    - path: embedding.py
      hash: md5
      md5: 88f9614ba3b485145a40fa3ef9c4bb17
      size: 3923
    - path: encoding.py
      hash: md5
      md5: 08ba618cce0e47e68014ac1c9ee77b05
      size: 8835
    - path: lazy.py
      hash: md5
      md5: dc8537c6a3615ea74c2d1db381974a55
      size: 5162
    - path: outputs/radioml/model.pt
      hash: md5
      md5: e83224c4303a74fee192ac94953ee752
      size: 604761
    - path: quant.py
      hash: md5
      md5: 861ee87e24d388efec8bc21cc3df989e
      size: 1221
    - path: radioml/dataset.py
      hash: md5
      md5: 098d3a3ea30571b048605c4de0818496
      size: 5248
    - path: radioml/eval.py
      hash: md5
      md5: 98755020c249a4ccf747167552a4b265
      size: 4151
    - path: radioml/model.py
      hash: md5
      md5: 45d03eba2be79db531018a2ebeb8ab46
      size: 6821
    - path: utils.py
      hash: md5
      md5: 750a14e619ab121477a341d90669b078
      size: 4009
    params:
      radioml/params.yaml:
        dataset:
          signal_to_noise_ratios:
          - -6
          - -4
          - -2
          - 0
          - 2
          - 4
          - 6
          - 8
          - 10
          - 12
          - 14
          - 16
          - 18
          - 20
          - 22
          - 24
          - 26
          - 28
          - 30
          splits:
          - 0.8
          - 0.1
          - 0.1
          seed: 12
          reshape:
          - 1
          - 1024
          - 2
        eval:
          batch_size: 512
          loader:
            num_workers: 32
            prefetch_factor: 4
            persistent_workers: false
            pin_memory: true
            drop_last: false
        model:
          num_classes: 24
          embedding:
            patches:
            - 1
            - 64
            kernel_size:
            - 1
            - 16
            stride:
            - 1
            - 16
            padding:
            - 0
            - 0
            activation: relu
            bits: 8
          positional:
            encoding: learned
            bits: 8
          configuration: original
          num_layers: 1
          num_heads: 3
          emb_dim: 96
          expansion_dim: 384
          bits: 5
          cls_bits: 8
          activation: relu
          norm: batch-norm
          norm_placement: pre-norm
          dropout: 0.5
        seed: 33
        tag: quantized
    outs:
    - path: outputs/radioml/accuracy.yaml
      hash: md5
      md5: 55253ac5df3cc20a7e218392f6a7984e
      size: 52
    - path: outputs/radioml/classes.csv
      hash: md5
      md5: 5eeeb1f0beba7fcf3c9a837a118faf81
      size: 957663
  export:
    cmd: PARTITION=normal bash run.sh python -m radioml.export
    deps:
    - path: activations.py
      hash: md5
      md5: f528b1e97dfd8b8f2952306a4ccdb5f3
      size: 298
    - path: attention.py
      hash: md5
      md5: f9dcfe32256c4b182ec97853c29744e8
      size: 7516
    - path: blocks.py
      hash: md5
      md5: 94b955d3c734cb1e5c007c9e9e356f29
      size: 23056
    - path: embedding.py
      hash: md5
      md5: 88f9614ba3b485145a40fa3ef9c4bb17
      size: 3923
    - path: encoding.py
      hash: md5
      md5: 08ba618cce0e47e68014ac1c9ee77b05
      size: 8835
    - path: lazy.py
      hash: md5
      md5: dc8537c6a3615ea74c2d1db381974a55
      size: 5162
    - path: outputs/radioml/model.pt
      hash: md5
      md5: e83224c4303a74fee192ac94953ee752
      size: 604761
    - path: quant.py
      hash: md5
      md5: 861ee87e24d388efec8bc21cc3df989e
      size: 1221
    - path: radioml/dataset.py
      hash: md5
      md5: 098d3a3ea30571b048605c4de0818496
      size: 5248
    - path: radioml/export.py
      hash: md5
      md5: 60f496fceff3b4f594f9416c89e4aff6
      size: 3491
    - path: radioml/model.py
      hash: md5
      md5: 45d03eba2be79db531018a2ebeb8ab46
      size: 6821
    - path: utils.py
      hash: md5
      md5: 750a14e619ab121477a341d90669b078
      size: 4009
    params:
      radioml/params.yaml:
        dataset:
          signal_to_noise_ratios:
          - -6
          - -4
          - -2
          - 0
          - 2
          - 4
          - 6
          - 8
          - 10
          - 12
          - 14
          - 16
          - 18
          - 20
          - 22
          - 24
          - 26
          - 28
          - 30
          splits:
          - 0.8
          - 0.1
          - 0.1
          seed: 12
          reshape:
          - 1
          - 1024
          - 2
        export:
          format: qonnx
          split_heads: true
          opset_version: 19
          do_constant_folding: true
          batch_size: 1
          dynamo: false
          external_data: false
          optimize: false
        model:
          num_classes: 24
          embedding:
            patches:
            - 1
            - 64
            kernel_size:
            - 1
            - 16
            stride:
            - 1
            - 16
            padding:
            - 0
            - 0
            activation: relu
            bits: 8
          positional:
            encoding: learned
            bits: 8
          configuration: original
          num_layers: 1
          num_heads: 3
          emb_dim: 96
          expansion_dim: 384
          bits: 5
          cls_bits: 8
          activation: relu
          norm: batch-norm
          norm_placement: pre-norm
          dropout: 0.5
        seed: 33
        tag: quantized
    outs:
    - path: outputs/radioml/cls.npy
      hash: md5
      md5: 52ef9b45eeea274cb45c9062df6705c3
      size: 136
    - path: outputs/radioml/inp.npy
      hash: md5
      md5: f975d487a746d33359106e55177f3d36
      size: 8320
    - path: outputs/radioml/model.onnx
      hash: md5
      md5: aad14ee642a63479d2f9fa31ac3ff514
      size: 528812
    - path: outputs/radioml/out.npy
      hash: md5
      md5: 8a50495868484fea3e325aa667250ffc
      size: 224
  streamline:
    cmd: PARTITION=normal bash run.sh onnx-passes -c radioml/passes.yaml -o 
      outputs/radioml/streamlined.onnx outputs/radioml/model.onnx
    deps:
    - path: adhoc_passes.py
      hash: md5
      md5: 03d4a11676b8bc4a0407ca1de9037d34
      size: 743
    - path: outputs/radioml/cls.npy
      hash: md5
      md5: 52ef9b45eeea274cb45c9062df6705c3
      size: 136
    - path: outputs/radioml/inp.npy
      hash: md5
      md5: f975d487a746d33359106e55177f3d36
      size: 8320
    - path: outputs/radioml/model.onnx
      hash: md5
      md5: aad14ee642a63479d2f9fa31ac3ff514
      size: 528812
    - path: outputs/radioml/out.npy
      hash: md5
      md5: 8a50495868484fea3e325aa667250ffc
      size: 224
    params:
      radioml/passes.yaml:
        imports:
        - adhoc_passes
        logging:
          verbose: false
          checkpoint: false
          keep_intermediates: false
        model_checker:
          full_check: true
        onnxruntime:
          providers:
          - - CPUExecutionProvider
            - {}
          full_context_dump: false
        passes:
        - import-qonnx
        - convert-layouts
        - shape-inference
        - checker
        - verify
        - inline-qonnx
        - inline-batchnorm
        - inline-gemm
        - lower-conv
        - lower-pooling
        - shape-inference
        - checker
        - verify
        - streamline-thresholds
        - streamline
        - checker
        - verify
        - absorb-layouts
        - decompose-thresholds
        - tidyup
        - MoveMulPastTranspose
        - tidyup
        - MoveSplitPastElementwise
        - tidyup
        - unbroadcast
        - tidyup
        - checker
        - verify
        reference:
          inp:
          - outputs/radioml/inp.npy
          out:
          - outputs/radioml/out.npy
        shape_inference: {}
        verify:
          tolerance:
            atol: 0.5
          metrics:
            max_abs_error:
            - 0.0
            - 0.5
            count_mispredictions:
            - 0
            - 0
    outs:
    - path: outputs/radioml/streamlined.onnx
      hash: md5
      md5: 39ad676b405c55b8727d375d4f57b825
      size: 1089807
    - path: outputs/radioml/streamlined.onnx.pkl.xz
      hash: md5
      md5: b7446b248c7c88dd107c138ea60dfeb0
      size: 15344
