schema: '2.0'
stages:
  train:
    cmd: bash run.sh python -m radioml.train
    deps:
    - path: activations.py
      hash: md5
      md5: f528b1e97dfd8b8f2952306a4ccdb5f3
      size: 298
    - path: attention.py
      hash: md5
      md5: f9dcfe32256c4b182ec97853c29744e8
      size: 7516
    - path: blocks.py
      hash: md5
      md5: 15e21edafc6d211ac075cb38964a660e
      size: 22378
    - path: embedding.py
      hash: md5
      md5: 7ed092ae5710f20058b64ebbd7215126
      size: 2698
    - path: encoding.py
      hash: md5
      md5: 481854c553f5991907217d8981931d6c
      size: 8840
    - path: lazy.py
      hash: md5
      md5: dc8537c6a3615ea74c2d1db381974a55
      size: 5162
    - path: quant.py
      hash: md5
      md5: 861ee87e24d388efec8bc21cc3df989e
      size: 1221
    - path: radioml/dataset.py
      hash: md5
      md5: 098d3a3ea30571b048605c4de0818496
      size: 5248
    - path: radioml/model.py
      hash: md5
      md5: f3ced2e5ddd6fb91e1c6f68e0609e1fe
      size: 6584
    - path: radioml/train.py
      hash: md5
      md5: 8327f7f68b18751b585a3bf5fa97ae86
      size: 5892
    - path: utils.py
      hash: md5
      md5: 46e1ab8e4a131348b7ef7482946e8bbd
      size: 1439
    params:
      radioml/params.yaml:
        dataset:
          signal_to_noise_ratios:
          - -6
          - -4
          - -2
          - 0
          - 2
          - 4
          - 6
          - 8
          - 10
          - 12
          - 14
          - 16
          - 18
          - 20
          - 22
          - 24
          - 26
          - 28
          - 30
          splits:
          - 0.7
          - 0.15
          - 0.15
          seed: 12
          reshape:
          - 1
          - 1024
          - 2
        model:
          num_classes: 24
          embedding:
            patches:
            - 1
            - 64
            kernel_size:
            - 1
            - 16
            stride:
            - 1
            - 16
            activation: relu
            bits:
          positional: binary
          configuration: original
          num_layers: 1
          num_heads: 4
          emb_dim: 64
          expansion_dim: 256
          bits:
          activation: relu
          norm: batch-norm
          norm_placement: pre-norm
          dropout: 0.0
        seed: 12
        tag: baseline
        train:
          epochs: 20
          batch_size: 256
          optimizer:
            algorithm: adam
            lr: 0.01
            weight_decay: 0.0
            betas:
            - 0.9
            - 0.98
            eps: 1e-08
          criterion: cross-entropy
          scheduler:
            factor: 0.1
            patience: 5
          loader:
            shuffle: true
            num_workers: 32
            prefetch_factor: 4
            persistent_workers: false
            pin_memory: true
            drop_last: true
    outs:
    - path: outputs/radioml/loss.yaml
      hash: md5
      md5: 95b71c96d6eb5d25918a3630ed7549c6
      size: 1102
    - path: outputs/radioml/lr.yaml
      hash: md5
      md5: dc4dccc4e6dfbe06aee67ef3d523f4a1
      size: 346
    - path: outputs/radioml/model.pt
      hash: md5
      md5: b4b88c93deaf6f2b8af5edcbb6f706e6
      size: 228688
    - path: outputs/radioml/optimizer.pt
      hash: md5
      md5: ccae0078dd8ba46a22e7f98250d57f47
      size: 443961
  eval:
    cmd: bash run.sh python -m radioml.eval
    deps:
    - path: activations.py
      hash: md5
      md5: f528b1e97dfd8b8f2952306a4ccdb5f3
      size: 298
    - path: attention.py
      hash: md5
      md5: f9dcfe32256c4b182ec97853c29744e8
      size: 7516
    - path: blocks.py
      hash: md5
      md5: 15e21edafc6d211ac075cb38964a660e
      size: 22378
    - path: embedding.py
      hash: md5
      md5: 7ed092ae5710f20058b64ebbd7215126
      size: 2698
    - path: encoding.py
      hash: md5
      md5: 481854c553f5991907217d8981931d6c
      size: 8840
    - path: lazy.py
      hash: md5
      md5: dc8537c6a3615ea74c2d1db381974a55
      size: 5162
    - path: outputs/radioml/model.pt
      hash: md5
      md5: b4b88c93deaf6f2b8af5edcbb6f706e6
      size: 228688
    - path: quant.py
      hash: md5
      md5: 861ee87e24d388efec8bc21cc3df989e
      size: 1221
    - path: radioml/dataset.py
      hash: md5
      md5: 098d3a3ea30571b048605c4de0818496
      size: 5248
    - path: radioml/eval.py
      hash: md5
      md5: 98755020c249a4ccf747167552a4b265
      size: 4151
    - path: radioml/model.py
      hash: md5
      md5: f3ced2e5ddd6fb91e1c6f68e0609e1fe
      size: 6584
    - path: utils.py
      hash: md5
      md5: 46e1ab8e4a131348b7ef7482946e8bbd
      size: 1439
    params:
      radioml/params.yaml:
        dataset:
          signal_to_noise_ratios:
          - -6
          - -4
          - -2
          - 0
          - 2
          - 4
          - 6
          - 8
          - 10
          - 12
          - 14
          - 16
          - 18
          - 20
          - 22
          - 24
          - 26
          - 28
          - 30
          splits:
          - 0.7
          - 0.15
          - 0.15
          seed: 12
          reshape:
          - 1
          - 1024
          - 2
        eval:
          batch_size: 512
          loader:
            num_workers: 8
            prefetch_factor: 8
            pin_memory: true
            drop_last: false
        model:
          num_classes: 24
          embedding:
            patches:
            - 1
            - 64
            kernel_size:
            - 1
            - 16
            stride:
            - 1
            - 16
            activation: relu
            bits:
          positional: binary
          configuration: original
          num_layers: 1
          num_heads: 4
          emb_dim: 64
          expansion_dim: 256
          bits:
          activation: relu
          norm: batch-norm
          norm_placement: pre-norm
          dropout: 0.0
        seed: 12
        tag: baseline
    outs:
    - path: outputs/radioml/accuracy.yaml
      hash: md5
      md5: b731bdccf56bf27ee8d9aac34c7177fb
      size: 52
    - path: outputs/radioml/classes.csv
      hash: md5
      md5: 85bc16752a93ec7338500cd9f62ef0b2
      size: 1431219
  export:
    cmd: python -m radioml.export
    deps:
    - path: activations.py
      hash: md5
      md5: f528b1e97dfd8b8f2952306a4ccdb5f3
      size: 298
    - path: attention.py
      hash: md5
      md5: f9dcfe32256c4b182ec97853c29744e8
      size: 7516
    - path: blocks.py
      hash: md5
      md5: 15e21edafc6d211ac075cb38964a660e
      size: 22378
    - path: embedding.py
      hash: md5
      md5: 7ed092ae5710f20058b64ebbd7215126
      size: 2698
    - path: encoding.py
      hash: md5
      md5: 481854c553f5991907217d8981931d6c
      size: 8840
    - path: lazy.py
      hash: md5
      md5: dc8537c6a3615ea74c2d1db381974a55
      size: 5162
    - path: outputs/radioml/model.pt
      hash: md5
      md5: b4b88c93deaf6f2b8af5edcbb6f706e6
      size: 228688
    - path: quant.py
      hash: md5
      md5: 861ee87e24d388efec8bc21cc3df989e
      size: 1221
    - path: radioml/dataset.py
      hash: md5
      md5: 098d3a3ea30571b048605c4de0818496
      size: 5248
    - path: radioml/export.py
      hash: md5
      md5: 14edb86a85f133c0b8e68769e417ea2f
      size: 3158
    - path: radioml/model.py
      hash: md5
      md5: f3ced2e5ddd6fb91e1c6f68e0609e1fe
      size: 6584
    - path: utils.py
      hash: md5
      md5: 46e1ab8e4a131348b7ef7482946e8bbd
      size: 1439
    params:
      radioml/params.yaml:
        dataset:
          signal_to_noise_ratios:
          - -6
          - -4
          - -2
          - 0
          - 2
          - 4
          - 6
          - 8
          - 10
          - 12
          - 14
          - 16
          - 18
          - 20
          - 22
          - 24
          - 26
          - 28
          - 30
          splits:
          - 0.7
          - 0.15
          - 0.15
          seed: 12
          reshape:
          - 1
          - 1024
          - 2
        export:
          split_heads: false
          opset_version: 18
          do_constant_folding: true
          batch_size: 1
          dynamo: false
          external_data: false
          optimize: false
        model:
          num_classes: 24
          embedding:
            patches:
            - 1
            - 64
            kernel_size:
            - 1
            - 16
            stride:
            - 1
            - 16
            activation: relu
            bits:
          positional: binary
          configuration: original
          num_layers: 1
          num_heads: 4
          emb_dim: 64
          expansion_dim: 256
          bits:
          activation: relu
          norm: batch-norm
          norm_placement: pre-norm
          dropout: 0.0
        seed: 12
        tag: baseline
    outs:
    - path: outputs/radioml/cls.npy
      hash: md5
      md5: 0551ae28c217f7e60f2c6625ebd6107e
      size: 136
    - path: outputs/radioml/inp.npy
      hash: md5
      md5: ee6680734888d36d65bb73c67d19a7a1
      size: 8320
    - path: outputs/radioml/model.onnx
      hash: md5
      md5: 1d9c91c07cf76897af342136d765fa13
      size: 239828
    - path: outputs/radioml/out.npy
      hash: md5
      md5: e8e15b3ae5f1ccdb0ccdf6eadffe0fdb
      size: 224
